
Microsoft Visual Studio Solution File, Format Version 12.00
# Visual Studio Version 16
VisualStudioVersion = 16.0.30204.135
MinimumVisualStudioVersion = 10.0.40219.1
Project("{FAE04EC0-301F-11D3-BF4B-00C04F79EFBC}") = "Challenge_20200930", "Challenge_20200930.csproj", "{665C3887-3CEE-46B0-BB79-13C706C0177C}"
EndProject
Global
	GlobalSection(SolutionConfigurationPlatforms) = preSolution
		Debug|Any CPU = Debug|Any CPU
		Release|Any CPU = Release|Any CPU
	EndGlobalSection
	GlobalSection(ProjectConfigurationPlatforms) = postSolution
		{665C3887-3CEE-46B0-BB79-13C706C0177C}.Debug|Any CPU.ActiveCfg = Debug|Any CPU
		{665C3887-3CEE-46B0-BB79-13C706C0177C}.Debug|Any CPU.Build.0 = Debug|Any CPU
		{665C3887-3CEE-46B0-BB79-13C706C0177C}.Release|Any CPU.ActiveCfg = Release|Any CPU
		{665C3887-3CEE-46B0-BB79-13C706C0177C}.Release|Any CPU.Build.0 = Release|Any CPU
	EndGlobalSection
	GlobalSection(SolutionProperties) = preSolution
		HideSolutionNode = FALSE
	EndGlobalSection
	GlobalSection(ExtensibilityGlobals) = postSolution
		SolutionGuid = {47DEB668-F43B-4AE2-8BA5-3B23839806B2}
	EndGlobalSection
EndGlobal
